// !$*UTF8*$!
{
	archiveVersion = 1;
	classes = {
	};
	objectVersion = 46;
	objects = {

/* Begin PBXBuildFile section */
		9F2FDC0D1BCC881200BC8673 /* DamPartrolCell.xib in Resources */ = {isa = PBXBuildFile; fileRef = 9F2FDC0C1BCC881200BC8673 /* DamPartrolCell.xib */; };
		9F2FDC101BCC88CF00BC8673 /* SelectDateCell.m in Sources */ = {isa = PBXBuildFile; fileRef = 9F2FDC0F1BCC88CF00BC8673 /* SelectDateCell.m */; };
		9F2FDC131BCC899F00BC8673 /* PartrolInfoCell.m in Sources */ = {isa = PBXBuildFile; fileRef = 9F2FDC121BCC899F00BC8673 /* PartrolInfoCell.m */; };
		9F2FDC151BCC89BE00BC8673 /* PartrolInfoCell.xib in Resources */ = {isa = PBXBuildFile; fileRef = 9F2FDC141BCC89BE00BC8673 /* PartrolInfoCell.xib */; };
		9F2FDC191BCC925000BC8673 /* forward@3x.png in Resources */ = {isa = PBXBuildFile; fileRef = 9F2FDC171BCC925000BC8673 /* forward@3x.png */; };
		9F2FDC1A1BCC925000BC8673 /* next@3x.png in Resources */ = {isa = PBXBuildFile; fileRef = 9F2FDC181BCC925000BC8673 /* next@3x.png */; };
		9F2FDC1D1BCC925500BC8673 /* next@2x.png in Resources */ = {isa = PBXBuildFile; fileRef = 9F2FDC1B1BCC925500BC8673 /* next@2x.png */; };
		9F2FDC1E1BCC925500BC8673 /* forward@2x.png in Resources */ = {isa = PBXBuildFile; fileRef = 9F2FDC1C1BCC925500BC8673 /* forward@2x.png */; };
		9F2FDC211BCC96F300BC8673 /* weatherView.xib in Resources */ = {isa = PBXBuildFile; fileRef = 9F2FDC201BCC96F300BC8673 /* weatherView.xib */; };
		9F2FDC241BCC997400BC8673 /* WeatherView.m in Sources */ = {isa = PBXBuildFile; fileRef = 9F2FDC231BCC997400BC8673 /* WeatherView.m */; };
		9F2FDC261BCC9ACC00BC8673 /* CustomHeader.xib in Resources */ = {isa = PBXBuildFile; fileRef = 9F2FDC251BCC9ACC00BC8673 /* CustomHeader.xib */; };
		9F2FDC291BCC9BB200BC8673 /* CusHeaderView.m in Sources */ = {isa = PBXBuildFile; fileRef = 9F2FDC281BCC9BB200BC8673 /* CusHeaderView.m */; };
		9F2FDC2C1BCCADA400BC8673 /* CheckViewController.m in Sources */ = {isa = PBXBuildFile; fileRef = 9F2FDC2B1BCCADA400BC8673 /* CheckViewController.m */; };
		9F2FDC2F1BCCCE3F00BC8673 /* MainItemCell.m in Sources */ = {isa = PBXBuildFile; fileRef = 9F2FDC2E1BCCCE3F00BC8673 /* MainItemCell.m */; };
		9F2FDC311BCCCE6000BC8673 /* MainItemCell.xib in Resources */ = {isa = PBXBuildFile; fileRef = 9F2FDC301BCCCE6000BC8673 /* MainItemCell.xib */; };
		9F2FDC341BCCD0BC00BC8673 /* ChildItemCell.m in Sources */ = {isa = PBXBuildFile; fileRef = 9F2FDC331BCCD0BC00BC8673 /* ChildItemCell.m */; };
		9F2FDC361BCCD0F100BC8673 /* ChildItemCell.xib in Resources */ = {isa = PBXBuildFile; fileRef = 9F2FDC351BCCD0F100BC8673 /* ChildItemCell.xib */; };
		9F3253A81BDB1B8F007AEF7D /* WaterSourceController.m in Sources */ = {isa = PBXBuildFile; fileRef = 9F3253A71BDB1B8F007AEF7D /* WaterSourceController.m */; };
		9F3253AB1BDB29BB007AEF7D /* WaterContentController.m in Sources */ = {isa = PBXBuildFile; fileRef = 9F3253AA1BDB29BB007AEF7D /* WaterContentController.m */; };
		9F3253AE1BDB4F28007AEF7D /* EmergencyEquipmentController.m in Sources */ = {isa = PBXBuildFile; fileRef = 9F3253AD1BDB4F28007AEF7D /* EmergencyEquipmentController.m */; };
		9F3253B21BDB6E6B007AEF7D /* DieselGeneratorController.m in Sources */ = {isa = PBXBuildFile; fileRef = 9F3253B11BDB6E6B007AEF7D /* DieselGeneratorController.m */; };
		9F38C1971BCB8FE100989036 /* RootViewController.m in Sources */ = {isa = PBXBuildFile; fileRef = 9F38C1961BCB8FE100989036 /* RootViewController.m */; };
		9F38C19A1BCB900D00989036 /* CusNavViewController.m in Sources */ = {isa = PBXBuildFile; fileRef = 9F38C1991BCB900D00989036 /* CusNavViewController.m */; };
		9F38C19F1BCB92B600989036 /* user@2x.png in Resources */ = {isa = PBXBuildFile; fileRef = 9F38C19E1BCB92B600989036 /* user@2x.png */; };
		9F38C1A11BCB92BB00989036 /* user@3x.png in Resources */ = {isa = PBXBuildFile; fileRef = 9F38C1A01BCB92BB00989036 /* user@3x.png */; };
		9F38C1A31BCB92DF00989036 /* password@2x.png in Resources */ = {isa = PBXBuildFile; fileRef = 9F38C1A21BCB92DF00989036 /* password@2x.png */; };
		9F38C1A51BCB92E400989036 /* password@3x.png in Resources */ = {isa = PBXBuildFile; fileRef = 9F38C1A41BCB92E400989036 /* password@3x.png */; };
		9F38C1A81BCB94DD00989036 /* MainViewController.m in Sources */ = {isa = PBXBuildFile; fileRef = 9F38C1A71BCB94DD00989036 /* MainViewController.m */; };
		9F38C1AC1BCB988600989036 /* ItemCell.xib in Resources */ = {isa = PBXBuildFile; fileRef = 9F38C1AB1BCB988600989036 /* ItemCell.xib */; };
		9F38C1AF1BCB994300989036 /* ItemCell.m in Sources */ = {isa = PBXBuildFile; fileRef = 9F38C1AE1BCB994300989036 /* ItemCell.m */; };
		9F38C1B11BCB9CE700989036 /* qixiang@2x.png in Resources */ = {isa = PBXBuildFile; fileRef = 9F38C1B01BCB9CE700989036 /* qixiang@2x.png */; };
		9F38C1B31BCB9CEF00989036 /* rain@2x.png in Resources */ = {isa = PBXBuildFile; fileRef = 9F38C1B21BCB9CEF00989036 /* rain@2x.png */; };
		9F38C1B51BCB9D0000989036 /* qixiang@3x.png in Resources */ = {isa = PBXBuildFile; fileRef = 9F38C1B41BCB9D0000989036 /* qixiang@3x.png */; };
		9F38C1B71BCB9D0800989036 /* rain@3x.png in Resources */ = {isa = PBXBuildFile; fileRef = 9F38C1B61BCB9D0800989036 /* rain@3x.png */; };
		9F38C1BB1BCB9F7000989036 /* ReseriorViewController.m in Sources */ = {isa = PBXBuildFile; fileRef = 9F38C1BA1BCB9F7000989036 /* ReseriorViewController.m */; };
		9F38C1BE1BCBAE8F00989036 /* DamPatrolViewController.m in Sources */ = {isa = PBXBuildFile; fileRef = 9F38C1BD1BCBAE8F00989036 /* DamPatrolViewController.m */; };
		9F3A84561BDDC2AC0075C725 /* AirRaidShelterController.m in Sources */ = {isa = PBXBuildFile; fileRef = 9F3A84551BDDC2AC0075C725 /* AirRaidShelterController.m */; };
		9F3A845E1BDE092B0075C725 /* ShelterContentCheckController.m in Sources */ = {isa = PBXBuildFile; fileRef = 9F3A845D1BDE092B0075C725 /* ShelterContentCheckController.m */; };
		9F3A84651BDE0A9B0075C725 /* UILabel+CustomLevel.m in Sources */ = {isa = PBXBuildFile; fileRef = 9F3A84641BDE0A9B0075C725 /* UILabel+CustomLevel.m */; };
		9F3A849E1BDE222E0075C725 /* BaiDamViewController.m in Sources */ = {isa = PBXBuildFile; fileRef = 9F3A849D1BDE222E0075C725 /* BaiDamViewController.m */; };
		9F3B28511BD889B2009139E6 /* GateViewController.m in Sources */ = {isa = PBXBuildFile; fileRef = 9F3B28501BD889B2009139E6 /* GateViewController.m */; };
		9F3B28541BD8A2E6009139E6 /* GateContentCheckController.m in Sources */ = {isa = PBXBuildFile; fileRef = 9F3B28531BD8A2E6009139E6 /* GateContentCheckController.m */; };
		9F3B28581BD8A85C009139E6 /* WaterTelemetryController.m in Sources */ = {isa = PBXBuildFile; fileRef = 9F3B28571BD8A85C009139E6 /* WaterTelemetryController.m */; };
		9F3B285C1BD8B490009139E6 /* PowerStationController.m in Sources */ = {isa = PBXBuildFile; fileRef = 9F3B285B1BD8B490009139E6 /* PowerStationController.m */; };
		9F3B285F1BD8C1EC009139E6 /* RegularInspectionController.m in Sources */ = {isa = PBXBuildFile; fileRef = 9F3B285E1BD8C1EC009139E6 /* RegularInspectionController.m */; };
		9F3B28621BD8C3C3009139E6 /* RightLabelCell.xib in Resources */ = {isa = PBXBuildFile; fileRef = 9F3B28611BD8C3C3009139E6 /* RightLabelCell.xib */; };
		9F3B28651BD8C428009139E6 /* RightLabelCell.m in Sources */ = {isa = PBXBuildFile; fileRef = 9F3B28641BD8C428009139E6 /* RightLabelCell.m */; };
		9F3B28681BD8CEB1009139E6 /* RegularTestController.m in Sources */ = {isa = PBXBuildFile; fileRef = 9F3B28671BD8CEB1009139E6 /* RegularTestController.m */; };
		9F3B286B1BD8D5AC009139E6 /* MachineCheckController.m in Sources */ = {isa = PBXBuildFile; fileRef = 9F3B286A1BD8D5AC009139E6 /* MachineCheckController.m */; };
		9F3B286E1BD8DF78009139E6 /* RotatingEquipmentController.m in Sources */ = {isa = PBXBuildFile; fileRef = 9F3B286D1BD8DF78009139E6 /* RotatingEquipmentController.m */; };
		9F48EA4A1BD72880001BE8B4 /* XiaKouController.m in Sources */ = {isa = PBXBuildFile; fileRef = 9F48EA491BD72880001BE8B4 /* XiaKouController.m */; };
		9F48EA4F1BD72C56001BE8B4 /* ValveViewController.m in Sources */ = {isa = PBXBuildFile; fileRef = 9F48EA4E1BD72C56001BE8B4 /* ValveViewController.m */; };
		9F48EA531BD74A4B001BE8B4 /* add@3x.png in Resources */ = {isa = PBXBuildFile; fileRef = 9F48EA521BD74A4B001BE8B4 /* add@3x.png */; };
		9F48EA551BD74A50001BE8B4 /* add@2x.png in Resources */ = {isa = PBXBuildFile; fileRef = 9F48EA541BD74A50001BE8B4 /* add@2x.png */; };
		9F48EA581BD75099001BE8B4 /* NoteViewController.m in Sources */ = {isa = PBXBuildFile; fileRef = 9F48EA571BD75099001BE8B4 /* NoteViewController.m */; };
		9F48EA5B1BD75D2D001BE8B4 /* ValveDetailController.m in Sources */ = {isa = PBXBuildFile; fileRef = 9F48EA5A1BD75D2D001BE8B4 /* ValveDetailController.m */; };
		9F48EA601BD78703001BE8B4 /* SteelGateController.m in Sources */ = {isa = PBXBuildFile; fileRef = 9F48EA5F1BD78703001BE8B4 /* SteelGateController.m */; };
		9F52F4511BAA51080073F72E /* main.m in Sources */ = {isa = PBXBuildFile; fileRef = 9F52F4501BAA51080073F72E /* main.m */; };
		9F52F4541BAA51080073F72E /* AppDelegate.m in Sources */ = {isa = PBXBuildFile; fileRef = 9F52F4531BAA51080073F72E /* AppDelegate.m */; };
		9F52F4571BAA51080073F72E /* ViewController.m in Sources */ = {isa = PBXBuildFile; fileRef = 9F52F4561BAA51080073F72E /* ViewController.m */; };
		9F52F45A1BAA51080073F72E /* Main.storyboard in Resources */ = {isa = PBXBuildFile; fileRef = 9F52F4581BAA51080073F72E /* Main.storyboard */; };
		9F52F45C1BAA51080073F72E /* Images.xcassets in Resources */ = {isa = PBXBuildFile; fileRef = 9F52F45B1BAA51080073F72E /* Images.xcassets */; };
		9F52F46B1BAA51080073F72E /* XiaKouStanderTests.m in Sources */ = {isa = PBXBuildFile; fileRef = 9F52F46A1BAA51080073F72E /* XiaKouStanderTests.m */; };
		9F9B68701BAA5B0C005B049E /* SVProgressHUD.bundle in Resources */ = {isa = PBXBuildFile; fileRef = 9F9B686D1BAA5B0C005B049E /* SVProgressHUD.bundle */; };
		9F9B68711BAA5B0C005B049E /* SVProgressHUD.m in Sources */ = {isa = PBXBuildFile; fileRef = 9F9B686F1BAA5B0C005B049E /* SVProgressHUD.m */; };
		F780BBA10BC843F5149FB18D /* libPods.a in Frameworks */ = {isa = PBXBuildFile; fileRef = 11F6F6473C424EE85CF52855 /* libPods.a */; };
/* End PBXBuildFile section */

/* Begin PBXContainerItemProxy section */
		9F52F4651BAA51080073F72E /* PBXContainerItemProxy */ = {
			isa = PBXContainerItemProxy;
			containerPortal = 9F52F4431BAA51080073F72E /* Project object */;
			proxyType = 1;
			remoteGlobalIDString = 9F52F44A1BAA51080073F72E;
			remoteInfo = XiaKouStander;
		};
/* End PBXContainerItemProxy section */

/* Begin PBXFileReference section */
		11F6F6473C424EE85CF52855 /* libPods.a */ = {isa = PBXFileReference; explicitFileType = archive.ar; includeInIndex = 0; path = libPods.a; sourceTree = BUILT_PRODUCTS_DIR; };
		9F2FDC0C1BCC881200BC8673 /* DamPartrolCell.xib */ = {isa = PBXFileReference; fileEncoding = 4; lastKnownFileType = file.xib; path = DamPartrolCell.xib; sourceTree = "<group>"; };
		9F2FDC0E1BCC88CF00BC8673 /* SelectDateCell.h */ = {isa = PBXFileReference; fileEncoding = 4; lastKnownFileType = sourcecode.c.h; path = SelectDateCell.h; sourceTree = "<group>"; };
		9F2FDC0F1BCC88CF00BC8673 /* SelectDateCell.m */ = {isa = PBXFileReference; fileEncoding = 4; lastKnownFileType = sourcecode.c.objc; path = SelectDateCell.m; sourceTree = "<group>"; };
		9F2FDC111BCC899F00BC8673 /* PartrolInfoCell.h */ = {isa = PBXFileReference; fileEncoding = 4; lastKnownFileType = sourcecode.c.h; path = PartrolInfoCell.h; sourceTree = "<group>"; };
		9F2FDC121BCC899F00BC8673 /* PartrolInfoCell.m */ = {isa = PBXFileReference; fileEncoding = 4; lastKnownFileType = sourcecode.c.objc; path = PartrolInfoCell.m; sourceTree = "<group>"; };
		9F2FDC141BCC89BE00BC8673 /* PartrolInfoCell.xib */ = {isa = PBXFileReference; fileEncoding = 4; lastKnownFileType = file.xib; path = PartrolInfoCell.xib; sourceTree = "<group>"; };
		9F2FDC171BCC925000BC8673 /* forward@3x.png */ = {isa = PBXFileReference; lastKnownFileType = image.png; path = "forward@3x.png"; sourceTree = "<group>"; };
		9F2FDC181BCC925000BC8673 /* next@3x.png */ = {isa = PBXFileReference; lastKnownFileType = image.png; path = "next@3x.png"; sourceTree = "<group>"; };
		9F2FDC1B1BCC925500BC8673 /* next@2x.png */ = {isa = PBXFileReference; lastKnownFileType = image.png; path = "next@2x.png"; sourceTree = "<group>"; };
		9F2FDC1C1BCC925500BC8673 /* forward@2x.png */ = {isa = PBXFileReference; lastKnownFileType = image.png; path = "forward@2x.png"; sourceTree = "<group>"; };
		9F2FDC201BCC96F300BC8673 /* weatherView.xib */ = {isa = PBXFileReference; fileEncoding = 4; lastKnownFileType = file.xib; path = weatherView.xib; sourceTree = "<group>"; };
		9F2FDC221BCC997400BC8673 /* WeatherView.h */ = {isa = PBXFileReference; fileEncoding = 4; lastKnownFileType = sourcecode.c.h; path = WeatherView.h; sourceTree = "<group>"; };
		9F2FDC231BCC997400BC8673 /* WeatherView.m */ = {isa = PBXFileReference; fileEncoding = 4; lastKnownFileType = sourcecode.c.objc; path = WeatherView.m; sourceTree = "<group>"; };
		9F2FDC251BCC9ACC00BC8673 /* CustomHeader.xib */ = {isa = PBXFileReference; fileEncoding = 4; lastKnownFileType = file.xib; path = CustomHeader.xib; sourceTree = "<group>"; };
		9F2FDC271BCC9BB200BC8673 /* CusHeaderView.h */ = {isa = PBXFileReference; fileEncoding = 4; lastKnownFileType = sourcecode.c.h; path = CusHeaderView.h; sourceTree = "<group>"; };
		9F2FDC281BCC9BB200BC8673 /* CusHeaderView.m */ = {isa = PBXFileReference; fileEncoding = 4; lastKnownFileType = sourcecode.c.objc; path = CusHeaderView.m; sourceTree = "<group>"; };
		9F2FDC2A1BCCADA400BC8673 /* CheckViewController.h */ = {isa = PBXFileReference; fileEncoding = 4; lastKnownFileType = sourcecode.c.h; path = CheckViewController.h; sourceTree = "<group>"; };
		9F2FDC2B1BCCADA400BC8673 /* CheckViewController.m */ = {isa = PBXFileReference; fileEncoding = 4; lastKnownFileType = sourcecode.c.objc; path = CheckViewController.m; sourceTree = "<group>"; };
		9F2FDC2D1BCCCE3F00BC8673 /* MainItemCell.h */ = {isa = PBXFileReference; fileEncoding = 4; lastKnownFileType = sourcecode.c.h; path = MainItemCell.h; sourceTree = "<group>"; };
		9F2FDC2E1BCCCE3F00BC8673 /* MainItemCell.m */ = {isa = PBXFileReference; fileEncoding = 4; lastKnownFileType = sourcecode.c.objc; path = MainItemCell.m; sourceTree = "<group>"; };
		9F2FDC301BCCCE6000BC8673 /* MainItemCell.xib */ = {isa = PBXFileReference; fileEncoding = 4; lastKnownFileType = file.xib; path = MainItemCell.xib; sourceTree = "<group>"; };
		9F2FDC321BCCD0BC00BC8673 /* ChildItemCell.h */ = {isa = PBXFileReference; fileEncoding = 4; lastKnownFileType = sourcecode.c.h; path = ChildItemCell.h; sourceTree = "<group>"; };
		9F2FDC331BCCD0BC00BC8673 /* ChildItemCell.m */ = {isa = PBXFileReference; fileEncoding = 4; lastKnownFileType = sourcecode.c.objc; path = ChildItemCell.m; sourceTree = "<group>"; };
		9F2FDC351BCCD0F100BC8673 /* ChildItemCell.xib */ = {isa = PBXFileReference; fileEncoding = 4; lastKnownFileType = file.xib; path = ChildItemCell.xib; sourceTree = "<group>"; };
		9F3253A61BDB1B8F007AEF7D /* WaterSourceController.h */ = {isa = PBXFileReference; fileEncoding = 4; lastKnownFileType = sourcecode.c.h; path = WaterSourceController.h; sourceTree = "<group>"; };
		9F3253A71BDB1B8F007AEF7D /* WaterSourceController.m */ = {isa = PBXFileReference; fileEncoding = 4; lastKnownFileType = sourcecode.c.objc; path = WaterSourceController.m; sourceTree = "<group>"; };
		9F3253A91BDB29BB007AEF7D /* WaterContentController.h */ = {isa = PBXFileReference; fileEncoding = 4; lastKnownFileType = sourcecode.c.h; path = WaterContentController.h; sourceTree = "<group>"; };
		9F3253AA1BDB29BB007AEF7D /* WaterContentController.m */ = {isa = PBXFileReference; fileEncoding = 4; lastKnownFileType = sourcecode.c.objc; path = WaterContentController.m; sourceTree = "<group>"; };
		9F3253AC1BDB4F28007AEF7D /* EmergencyEquipmentController.h */ = {isa = PBXFileReference; fileEncoding = 4; lastKnownFileType = sourcecode.c.h; path = EmergencyEquipmentController.h; sourceTree = "<group>"; };
		9F3253AD1BDB4F28007AEF7D /* EmergencyEquipmentController.m */ = {isa = PBXFileReference; fileEncoding = 4; lastKnownFileType = sourcecode.c.objc; path = EmergencyEquipmentController.m; sourceTree = "<group>"; };
		9F3253B01BDB6E6B007AEF7D /* DieselGeneratorController.h */ = {isa = PBXFileReference; fileEncoding = 4; lastKnownFileType = sourcecode.c.h; path = DieselGeneratorController.h; sourceTree = "<group>"; };
		9F3253B11BDB6E6B007AEF7D /* DieselGeneratorController.m */ = {isa = PBXFileReference; fileEncoding = 4; lastKnownFileType = sourcecode.c.objc; path = DieselGeneratorController.m; sourceTree = "<group>"; };
		9F38C1931BCB8EA500989036 /* PrefixHeader.pch */ = {isa = PBXFileReference; fileEncoding = 4; lastKnownFileType = sourcecode.c.h; path = PrefixHeader.pch; sourceTree = "<group>"; };
		9F38C1951BCB8FE100989036 /* RootViewController.h */ = {isa = PBXFileReference; fileEncoding = 4; lastKnownFileType = sourcecode.c.h; path = RootViewController.h; sourceTree = "<group>"; };
		9F38C1961BCB8FE100989036 /* RootViewController.m */ = {isa = PBXFileReference; fileEncoding = 4; lastKnownFileType = sourcecode.c.objc; path = RootViewController.m; sourceTree = "<group>"; };
		9F38C1981BCB900D00989036 /* CusNavViewController.h */ = {isa = PBXFileReference; fileEncoding = 4; lastKnownFileType = sourcecode.c.h; path = CusNavViewController.h; sourceTree = "<group>"; };
		9F38C1991BCB900D00989036 /* CusNavViewController.m */ = {isa = PBXFileReference; fileEncoding = 4; lastKnownFileType = sourcecode.c.objc; path = CusNavViewController.m; sourceTree = "<group>"; };
		9F38C19E1BCB92B600989036 /* user@2x.png */ = {isa = PBXFileReference; lastKnownFileType = image.png; path = "user@2x.png"; sourceTree = "<group>"; };
		9F38C1A01BCB92BB00989036 /* user@3x.png */ = {isa = PBXFileReference; lastKnownFileType = image.png; path = "user@3x.png"; sourceTree = "<group>"; };
		9F38C1A21BCB92DF00989036 /* password@2x.png */ = {isa = PBXFileReference; lastKnownFileType = image.png; path = "password@2x.png"; sourceTree = "<group>"; };
		9F38C1A41BCB92E400989036 /* password@3x.png */ = {isa = PBXFileReference; lastKnownFileType = image.png; path = "password@3x.png"; sourceTree = "<group>"; };
		9F38C1A61BCB94DD00989036 /* MainViewController.h */ = {isa = PBXFileReference; fileEncoding = 4; lastKnownFileType = sourcecode.c.h; path = MainViewController.h; sourceTree = "<group>"; };
		9F38C1A71BCB94DD00989036 /* MainViewController.m */ = {isa = PBXFileReference; fileEncoding = 4; lastKnownFileType = sourcecode.c.objc; path = MainViewController.m; sourceTree = "<group>"; };
		9F38C1AB1BCB988600989036 /* ItemCell.xib */ = {isa = PBXFileReference; fileEncoding = 4; lastKnownFileType = file.xib; path = ItemCell.xib; sourceTree = "<group>"; };
		9F38C1AD1BCB994300989036 /* ItemCell.h */ = {isa = PBXFileReference; fileEncoding = 4; lastKnownFileType = sourcecode.c.h; path = ItemCell.h; sourceTree = "<group>"; };
		9F38C1AE1BCB994300989036 /* ItemCell.m */ = {isa = PBXFileReference; fileEncoding = 4; lastKnownFileType = sourcecode.c.objc; path = ItemCell.m; sourceTree = "<group>"; };
		9F38C1B01BCB9CE700989036 /* qixiang@2x.png */ = {isa = PBXFileReference; lastKnownFileType = image.png; path = "qixiang@2x.png"; sourceTree = "<group>"; };
		9F38C1B21BCB9CEF00989036 /* rain@2x.png */ = {isa = PBXFileReference; lastKnownFileType = image.png; path = "rain@2x.png"; sourceTree = "<group>"; };
		9F38C1B41BCB9D0000989036 /* qixiang@3x.png */ = {isa = PBXFileReference; lastKnownFileType = image.png; path = "qixiang@3x.png"; sourceTree = "<group>"; };
		9F38C1B61BCB9D0800989036 /* rain@3x.png */ = {isa = PBXFileReference; lastKnownFileType = image.png; path = "rain@3x.png"; sourceTree = "<group>"; };
		9F38C1B91BCB9F7000989036 /* ReseriorViewController.h */ = {isa = PBXFileReference; fileEncoding = 4; lastKnownFileType = sourcecode.c.h; path = ReseriorViewController.h; sourceTree = "<group>"; };
		9F38C1BA1BCB9F7000989036 /* ReseriorViewController.m */ = {isa = PBXFileReference; fileEncoding = 4; lastKnownFileType = sourcecode.c.objc; path = ReseriorViewController.m; sourceTree = "<group>"; };
		9F38C1BC1BCBAE8F00989036 /* DamPatrolViewController.h */ = {isa = PBXFileReference; fileEncoding = 4; lastKnownFileType = sourcecode.c.h; path = DamPatrolViewController.h; sourceTree = "<group>"; };
		9F38C1BD1BCBAE8F00989036 /* DamPatrolViewController.m */ = {isa = PBXFileReference; fileEncoding = 4; lastKnownFileType = sourcecode.c.objc; path = DamPatrolViewController.m; sourceTree = "<group>"; };
		9F3A84541BDDC2AC0075C725 /* AirRaidShelterController.h */ = {isa = PBXFileReference; fileEncoding = 4; lastKnownFileType = sourcecode.c.h; path = AirRaidShelterController.h; sourceTree = "<group>"; };
		9F3A84551BDDC2AC0075C725 /* AirRaidShelterController.m */ = {isa = PBXFileReference; fileEncoding = 4; lastKnownFileType = sourcecode.c.objc; path = AirRaidShelterController.m; sourceTree = "<group>"; };
		9F3A845C1BDE092B0075C725 /* ShelterContentCheckController.h */ = {isa = PBXFileReference; fileEncoding = 4; lastKnownFileType = sourcecode.c.h; path = ShelterContentCheckController.h; sourceTree = "<group>"; };
		9F3A845D1BDE092B0075C725 /* ShelterContentCheckController.m */ = {isa = PBXFileReference; fileEncoding = 4; lastKnownFileType = sourcecode.c.objc; path = ShelterContentCheckController.m; sourceTree = "<group>"; };
		9F3A84631BDE0A9B0075C725 /* UILabel+CustomLevel.h */ = {isa = PBXFileReference; fileEncoding = 4; lastKnownFileType = sourcecode.c.h; path = "UILabel+CustomLevel.h"; sourceTree = "<group>"; };
		9F3A84641BDE0A9B0075C725 /* UILabel+CustomLevel.m */ = {isa = PBXFileReference; fileEncoding = 4; lastKnownFileType = sourcecode.c.objc; path = "UILabel+CustomLevel.m"; sourceTree = "<group>"; };
		9F3A849C1BDE222E0075C725 /* BaiDamViewController.h */ = {isa = PBXFileReference; fileEncoding = 4; lastKnownFileType = sourcecode.c.h; path = BaiDamViewController.h; sourceTree = "<group>"; };
		9F3A849D1BDE222E0075C725 /* BaiDamViewController.m */ = {isa = PBXFileReference; fileEncoding = 4; lastKnownFileType = sourcecode.c.objc; path = BaiDamViewController.m; sourceTree = "<group>"; };
		9F3B284F1BD889B2009139E6 /* GateViewController.h */ = {isa = PBXFileReference; fileEncoding = 4; lastKnownFileType = sourcecode.c.h; path = GateViewController.h; sourceTree = "<group>"; };
		9F3B28501BD889B2009139E6 /* GateViewController.m */ = {isa = PBXFileReference; fileEncoding = 4; lastKnownFileType = sourcecode.c.objc; path = GateViewController.m; sourceTree = "<group>"; };
		9F3B28521BD8A2E6009139E6 /* GateContentCheckController.h */ = {isa = PBXFileReference; fileEncoding = 4; lastKnownFileType = sourcecode.c.h; path = GateContentCheckController.h; sourceTree = "<group>"; };
		9F3B28531BD8A2E6009139E6 /* GateContentCheckController.m */ = {isa = PBXFileReference; fileEncoding = 4; lastKnownFileType = sourcecode.c.objc; path = GateContentCheckController.m; sourceTree = "<group>"; };
		9F3B28561BD8A85C009139E6 /* WaterTelemetryController.h */ = {isa = PBXFileReference; fileEncoding = 4; lastKnownFileType = sourcecode.c.h; path = WaterTelemetryController.h; sourceTree = "<group>"; };
		9F3B28571BD8A85C009139E6 /* WaterTelemetryController.m */ = {isa = PBXFileReference; fileEncoding = 4; lastKnownFileType = sourcecode.c.objc; path = WaterTelemetryController.m; sourceTree = "<group>"; };
		9F3B285A1BD8B490009139E6 /* PowerStationController.h */ = {isa = PBXFileReference; fileEncoding = 4; lastKnownFileType = sourcecode.c.h; path = PowerStationController.h; sourceTree = "<group>"; };
		9F3B285B1BD8B490009139E6 /* PowerStationController.m */ = {isa = PBXFileReference; fileEncoding = 4; lastKnownFileType = sourcecode.c.objc; path = PowerStationController.m; sourceTree = "<group>"; };
		9F3B285D1BD8C1EC009139E6 /* RegularInspectionController.h */ = {isa = PBXFileReference; fileEncoding = 4; lastKnownFileType = sourcecode.c.h; path = RegularInspectionController.h; sourceTree = "<group>"; };
		9F3B285E1BD8C1EC009139E6 /* RegularInspectionController.m */ = {isa = PBXFileReference; fileEncoding = 4; lastKnownFileType = sourcecode.c.objc; path = RegularInspectionController.m; sourceTree = "<group>"; };
		9F3B28611BD8C3C3009139E6 /* RightLabelCell.xib */ = {isa = PBXFileReference; fileEncoding = 4; lastKnownFileType = file.xib; path = RightLabelCell.xib; sourceTree = "<group>"; };
		9F3B28631BD8C428009139E6 /* RightLabelCell.h */ = {isa = PBXFileReference; fileEncoding = 4; lastKnownFileType = sourcecode.c.h; path = RightLabelCell.h; sourceTree = "<group>"; };
		9F3B28641BD8C428009139E6 /* RightLabelCell.m */ = {isa = PBXFileReference; fileEncoding = 4; lastKnownFileType = sourcecode.c.objc; path = RightLabelCell.m; sourceTree = "<group>"; };
		9F3B28661BD8CEB1009139E6 /* RegularTestController.h */ = {isa = PBXFileReference; fileEncoding = 4; lastKnownFileType = sourcecode.c.h; path = RegularTestController.h; sourceTree = "<group>"; };
		9F3B28671BD8CEB1009139E6 /* RegularTestController.m */ = {isa = PBXFileReference; fileEncoding = 4; lastKnownFileType = sourcecode.c.objc; path = RegularTestController.m; sourceTree = "<group>"; };
		9F3B28691BD8D5AC009139E6 /* MachineCheckController.h */ = {isa = PBXFileReference; fileEncoding = 4; lastKnownFileType = sourcecode.c.h; path = MachineCheckController.h; sourceTree = "<group>"; };
		9F3B286A1BD8D5AC009139E6 /* MachineCheckController.m */ = {isa = PBXFileReference; fileEncoding = 4; lastKnownFileType = sourcecode.c.objc; path = MachineCheckController.m; sourceTree = "<group>"; };
		9F3B286C1BD8DF78009139E6 /* RotatingEquipmentController.h */ = {isa = PBXFileReference; fileEncoding = 4; lastKnownFileType = sourcecode.c.h; path = RotatingEquipmentController.h; sourceTree = "<group>"; };
		9F3B286D1BD8DF78009139E6 /* RotatingEquipmentController.m */ = {isa = PBXFileReference; fileEncoding = 4; lastKnownFileType = sourcecode.c.objc; path = RotatingEquipmentController.m; sourceTree = "<group>"; };
		9F48EA481BD72880001BE8B4 /* XiaKouController.h */ = {isa = PBXFileReference; fileEncoding = 4; lastKnownFileType = sourcecode.c.h; path = XiaKouController.h; sourceTree = "<group>"; };
		9F48EA491BD72880001BE8B4 /* XiaKouController.m */ = {isa = PBXFileReference; fileEncoding = 4; lastKnownFileType = sourcecode.c.objc; path = XiaKouController.m; sourceTree = "<group>"; };
		9F48EA4D1BD72C56001BE8B4 /* ValveViewController.h */ = {isa = PBXFileReference; fileEncoding = 4; lastKnownFileType = sourcecode.c.h; path = ValveViewController.h; sourceTree = "<group>"; };
		9F48EA4E1BD72C56001BE8B4 /* ValveViewController.m */ = {isa = PBXFileReference; fileEncoding = 4; lastKnownFileType = sourcecode.c.objc; path = ValveViewController.m; sourceTree = "<group>"; };
		9F48EA521BD74A4B001BE8B4 /* add@3x.png */ = {isa = PBXFileReference; lastKnownFileType = image.png; path = "add@3x.png"; sourceTree = "<group>"; };
		9F48EA541BD74A50001BE8B4 /* add@2x.png */ = {isa = PBXFileReference; lastKnownFileType = image.png; path = "add@2x.png"; sourceTree = "<group>"; };
		9F48EA561BD75099001BE8B4 /* NoteViewController.h */ = {isa = PBXFileReference; fileEncoding = 4; lastKnownFileType = sourcecode.c.h; path = NoteViewController.h; sourceTree = "<group>"; };
		9F48EA571BD75099001BE8B4 /* NoteViewController.m */ = {isa = PBXFileReference; fileEncoding = 4; lastKnownFileType = sourcecode.c.objc; path = NoteViewController.m; sourceTree = "<group>"; };
		9F48EA591BD75D2D001BE8B4 /* ValveDetailController.h */ = {isa = PBXFileReference; fileEncoding = 4; lastKnownFileType = sourcecode.c.h; path = ValveDetailController.h; sourceTree = "<group>"; };
		9F48EA5A1BD75D2D001BE8B4 /* ValveDetailController.m */ = {isa = PBXFileReference; fileEncoding = 4; lastKnownFileType = sourcecode.c.objc; path = ValveDetailController.m; sourceTree = "<group>"; };
		9F48EA5E1BD78703001BE8B4 /* SteelGateController.h */ = {isa = PBXFileReference; fileEncoding = 4; lastKnownFileType = sourcecode.c.h; path = SteelGateController.h; sourceTree = "<group>"; };
		9F48EA5F1BD78703001BE8B4 /* SteelGateController.m */ = {isa = PBXFileReference; fileEncoding = 4; lastKnownFileType = sourcecode.c.objc; path = SteelGateController.m; sourceTree = "<group>"; };
		9F52F44B1BAA51080073F72E /* XiaKouStander.app */ = {isa = PBXFileReference; explicitFileType = wrapper.application; includeInIndex = 0; path = XiaKouStander.app; sourceTree = BUILT_PRODUCTS_DIR; };
		9F52F44F1BAA51080073F72E /* Info.plist */ = {isa = PBXFileReference; lastKnownFileType = text.plist.xml; path = Info.plist; sourceTree = "<group>"; };
		9F52F4501BAA51080073F72E /* main.m */ = {isa = PBXFileReference; lastKnownFileType = sourcecode.c.objc; path = main.m; sourceTree = "<group>"; };
		9F52F4521BAA51080073F72E /* AppDelegate.h */ = {isa = PBXFileReference; lastKnownFileType = sourcecode.c.h; path = AppDelegate.h; sourceTree = "<group>"; };
		9F52F4531BAA51080073F72E /* AppDelegate.m */ = {isa = PBXFileReference; lastKnownFileType = sourcecode.c.objc; path = AppDelegate.m; sourceTree = "<group>"; };
		9F52F4551BAA51080073F72E /* ViewController.h */ = {isa = PBXFileReference; lastKnownFileType = sourcecode.c.h; path = ViewController.h; sourceTree = "<group>"; };
		9F52F4561BAA51080073F72E /* ViewController.m */ = {isa = PBXFileReference; lastKnownFileType = sourcecode.c.objc; path = ViewController.m; sourceTree = "<group>"; };
		9F52F4591BAA51080073F72E /* Base */ = {isa = PBXFileReference; lastKnownFileType = file.storyboard; name = Base; path = Base.lproj/Main.storyboard; sourceTree = "<group>"; };
		9F52F45B1BAA51080073F72E /* Images.xcassets */ = {isa = PBXFileReference; lastKnownFileType = folder.assetcatalog; path = Images.xcassets; sourceTree = "<group>"; };
		9F52F4641BAA51080073F72E /* XiaKouStanderTests.xctest */ = {isa = PBXFileReference; explicitFileType = wrapper.cfbundle; includeInIndex = 0; path = XiaKouStanderTests.xctest; sourceTree = BUILT_PRODUCTS_DIR; };
		9F52F4691BAA51080073F72E /* Info.plist */ = {isa = PBXFileReference; lastKnownFileType = text.plist.xml; path = Info.plist; sourceTree = "<group>"; };
		9F52F46A1BAA51080073F72E /* XiaKouStanderTests.m */ = {isa = PBXFileReference; lastKnownFileType = sourcecode.c.objc; path = XiaKouStanderTests.m; sourceTree = "<group>"; };
		9F9B686D1BAA5B0C005B049E /* SVProgressHUD.bundle */ = {isa = PBXFileReference; lastKnownFileType = "wrapper.plug-in"; path = SVProgressHUD.bundle; sourceTree = "<group>"; };
		9F9B686E1BAA5B0C005B049E /* SVProgressHUD.h */ = {isa = PBXFileReference; fileEncoding = 4; lastKnownFileType = sourcecode.c.h; path = SVProgressHUD.h; sourceTree = "<group>"; };
		9F9B686F1BAA5B0C005B049E /* SVProgressHUD.m */ = {isa = PBXFileReference; fileEncoding = 4; lastKnownFileType = sourcecode.c.objc; path = SVProgressHUD.m; sourceTree = "<group>"; };
		A930CE31A9EBB52A0A096CD5 /* Pods.debug.xcconfig */ = {isa = PBXFileReference; includeInIndex = 1; lastKnownFileType = text.xcconfig; name = Pods.debug.xcconfig; path = "Pods/Target Support Files/Pods/Pods.debug.xcconfig"; sourceTree = "<group>"; };
		BD1D313D7C9A57683FD12E8F /* Pods.release.xcconfig */ = {isa = PBXFileReference; includeInIndex = 1; lastKnownFileType = text.xcconfig; name = Pods.release.xcconfig; path = "Pods/Target Support Files/Pods/Pods.release.xcconfig"; sourceTree = "<group>"; };
/* End PBXFileReference section */

/* Begin PBXFrameworksBuildPhase section */
		9F52F4481BAA51080073F72E /* Frameworks */ = {
			isa = PBXFrameworksBuildPhase;
			buildActionMask = 2147483647;
			files = (
				F780BBA10BC843F5149FB18D /* libPods.a in Frameworks */,
			);
			runOnlyForDeploymentPostprocessing = 0;
		};
		9F52F4611BAA51080073F72E /* Frameworks */ = {
			isa = PBXFrameworksBuildPhase;
			buildActionMask = 2147483647;
			files = (
			);
			runOnlyForDeploymentPostprocessing = 0;
		};
/* End PBXFrameworksBuildPhase section */

/* Begin PBXGroup section */
		223218C3A884857E87B09C1E /* Pods */ = {
			isa = PBXGroup;
			children = (
				A930CE31A9EBB52A0A096CD5 /* Pods.debug.xcconfig */,
				BD1D313D7C9A57683FD12E8F /* Pods.release.xcconfig */,
			);
			name = Pods;
			sourceTree = "<group>";
		};
		48251F1D3AC996C11EDB88D8 /* Frameworks */ = {
			isa = PBXGroup;
			children = (
				11F6F6473C424EE85CF52855 /* libPods.a */,
			);
			name = Frameworks;
			sourceTree = "<group>";
		};
		9F2FDC161BCC8ACF00BC8673 /* customCell */ = {
			isa = PBXGroup;
			children = (
				9F2FDC0C1BCC881200BC8673 /* DamPartrolCell.xib */,
				9F2FDC0E1BCC88CF00BC8673 /* SelectDateCell.h */,
				9F2FDC0F1BCC88CF00BC8673 /* SelectDateCell.m */,
				9F2FDC111BCC899F00BC8673 /* PartrolInfoCell.h */,
				9F2FDC121BCC899F00BC8673 /* PartrolInfoCell.m */,
				9F2FDC141BCC89BE00BC8673 /* PartrolInfoCell.xib */,
				9F2FDC2D1BCCCE3F00BC8673 /* MainItemCell.h */,
				9F2FDC2E1BCCCE3F00BC8673 /* MainItemCell.m */,
				9F2FDC301BCCCE6000BC8673 /* MainItemCell.xib */,
				9F2FDC321BCCD0BC00BC8673 /* ChildItemCell.h */,
				9F2FDC331BCCD0BC00BC8673 /* ChildItemCell.m */,
				9F2FDC351BCCD0F100BC8673 /* ChildItemCell.xib */,
			);
			name = customCell;
			sourceTree = "<group>";
		};
		9F2FDC1F1BCC96C800BC8673 /* customView */ = {
			isa = PBXGroup;
			children = (
				9F2FDC201BCC96F300BC8673 /* weatherView.xib */,
				9F2FDC221BCC997400BC8673 /* WeatherView.h */,
				9F2FDC231BCC997400BC8673 /* WeatherView.m */,
				9F2FDC251BCC9ACC00BC8673 /* CustomHeader.xib */,
				9F2FDC271BCC9BB200BC8673 /* CusHeaderView.h */,
				9F2FDC281BCC9BB200BC8673 /* CusHeaderView.m */,
			);
			name = customView;
			sourceTree = "<group>";
		};
		9F3253A51BDB1B4D007AEF7D /* 库区巡查 */ = {
			isa = PBXGroup;
			children = (
				9F3253A61BDB1B8F007AEF7D /* WaterSourceController.h */,
				9F3253A71BDB1B8F007AEF7D /* WaterSourceController.m */,
				9F3253A91BDB29BB007AEF7D /* WaterContentController.h */,
				9F3253AA1BDB29BB007AEF7D /* WaterContentController.m */,
			);
			name = "库区巡查";
			sourceTree = "<group>";
		};
		9F3253AF1BDB6D86007AEF7D /* 柴油发电机 */ = {
			isa = PBXGroup;
			children = (
				9F3253B01BDB6E6B007AEF7D /* DieselGeneratorController.h */,
				9F3253B11BDB6E6B007AEF7D /* DieselGeneratorController.m */,
			);
			name = "柴油发电机";
			sourceTree = "<group>";
		};
		9F38C1941BCB8FA900989036 /* CustomCategory */ = {
			isa = PBXGroup;
			children = (
				9F38C1951BCB8FE100989036 /* RootViewController.h */,
				9F38C1961BCB8FE100989036 /* RootViewController.m */,
				9F38C1981BCB900D00989036 /* CusNavViewController.h */,
				9F38C1991BCB900D00989036 /* CusNavViewController.m */,
			);
			name = CustomCategory;
			sourceTree = "<group>";
		};
		9F38C19C1BCB92A000989036 /* image@2x */ = {
			isa = PBXGroup;
			children = (
				9F2FDC1B1BCC925500BC8673 /* next@2x.png */,
				9F48EA541BD74A50001BE8B4 /* add@2x.png */,
				9F2FDC1C1BCC925500BC8673 /* forward@2x.png */,
				9F38C1B21BCB9CEF00989036 /* rain@2x.png */,
				9F38C19E1BCB92B600989036 /* user@2x.png */,
				9F38C1B01BCB9CE700989036 /* qixiang@2x.png */,
				9F38C1A21BCB92DF00989036 /* password@2x.png */,
			);
			name = "image@2x";
			sourceTree = "<group>";
		};
		9F38C19D1BCB92AB00989036 /* image@3x */ = {
			isa = PBXGroup;
			children = (
				9F48EA521BD74A4B001BE8B4 /* add@3x.png */,
				9F2FDC171BCC925000BC8673 /* forward@3x.png */,
				9F2FDC181BCC925000BC8673 /* next@3x.png */,
				9F38C1B41BCB9D0000989036 /* qixiang@3x.png */,
				9F38C1B61BCB9D0800989036 /* rain@3x.png */,
				9F38C1A41BCB92E400989036 /* password@3x.png */,
				9F38C1A01BCB92BB00989036 /* user@3x.png */,
			);
			name = "image@3x";
			sourceTree = "<group>";
		};
		9F38C1A91BCB985B00989036 /* Main */ = {
			isa = PBXGroup;
			children = (
				9F38C1AA1BCB987100989036 /* CustomCell */,
				9F38C1A61BCB94DD00989036 /* MainViewController.h */,
				9F38C1A71BCB94DD00989036 /* MainViewController.m */,
			);
			name = Main;
			sourceTree = "<group>";
		};
		9F38C1AA1BCB987100989036 /* CustomCell */ = {
			isa = PBXGroup;
			children = (
				9F38C1AB1BCB988600989036 /* ItemCell.xib */,
				9F38C1AD1BCB994300989036 /* ItemCell.h */,
				9F38C1AE1BCB994300989036 /* ItemCell.m */,
			);
			name = CustomCell;
			sourceTree = "<group>";
		};
		9F38C1B81BCB9EFD00989036 /* 白水坑 */ = {
			isa = PBXGroup;
			children = (
				9F3A849B1BDE21F30075C725 /* 大坝巡视 */,
				9F3A84531BDDC2570075C725 /* 防空洞 */,
				9F3253AF1BDB6D86007AEF7D /* 柴油发电机 */,
				9F38C1B91BCB9F7000989036 /* ReseriorViewController.h */,
				9F38C1BA1BCB9F7000989036 /* ReseriorViewController.m */,
			);
			name = "白水坑";
			sourceTree = "<group>";
		};
		9F3A84531BDDC2570075C725 /* 防空洞 */ = {
			isa = PBXGroup;
			children = (
				9F3A84541BDDC2AC0075C725 /* AirRaidShelterController.h */,
				9F3A84551BDDC2AC0075C725 /* AirRaidShelterController.m */,
				9F3A845C1BDE092B0075C725 /* ShelterContentCheckController.h */,
				9F3A845D1BDE092B0075C725 /* ShelterContentCheckController.m */,
			);
			name = "防空洞";
			sourceTree = "<group>";
		};
		9F3A845F1BDE0A020075C725 /* CustomLabel */ = {
			isa = PBXGroup;
			children = (
				9F3A84631BDE0A9B0075C725 /* UILabel+CustomLevel.h */,
				9F3A84641BDE0A9B0075C725 /* UILabel+CustomLevel.m */,
			);
			name = CustomLabel;
			sourceTree = "<group>";
		};
		9F3A849B1BDE21F30075C725 /* 大坝巡视 */ = {
			isa = PBXGroup;
			children = (
				9F3A849C1BDE222E0075C725 /* BaiDamViewController.h */,
				9F3A849D1BDE222E0075C725 /* BaiDamViewController.m */,
			);
			name = "大坝巡视";
			sourceTree = "<group>";
		};
		9F3B284E1BD8894A009139E6 /* 闸门 */ = {
			isa = PBXGroup;
			children = (
				9F3B284F1BD889B2009139E6 /* GateViewController.h */,
				9F3B28501BD889B2009139E6 /* GateViewController.m */,
				9F3B28521BD8A2E6009139E6 /* GateContentCheckController.h */,
				9F3B28531BD8A2E6009139E6 /* GateContentCheckController.m */,
			);
			name = "闸门";
			sourceTree = "<group>";
		};
		9F3B28551BD8A813009139E6 /* 水情遥测 */ = {
			isa = PBXGroup;
			children = (
				9F3B28561BD8A85C009139E6 /* WaterTelemetryController.h */,
				9F3B28571BD8A85C009139E6 /* WaterTelemetryController.m */,
			);
			name = "水情遥测";
			sourceTree = "<group>";
		};
		9F3B28591BD8B46A009139E6 /* 电站 */ = {
			isa = PBXGroup;
			children = (
				9F3B28601BD8C3AA009139E6 /* itemCell */,
				9F3B285A1BD8B490009139E6 /* PowerStationController.h */,
				9F3B285B1BD8B490009139E6 /* PowerStationController.m */,
				9F3B285D1BD8C1EC009139E6 /* RegularInspectionController.h */,
				9F3B285E1BD8C1EC009139E6 /* RegularInspectionController.m */,
				9F3B28661BD8CEB1009139E6 /* RegularTestController.h */,
				9F3B28671BD8CEB1009139E6 /* RegularTestController.m */,
				9F3B28691BD8D5AC009139E6 /* MachineCheckController.h */,
				9F3B286A1BD8D5AC009139E6 /* MachineCheckController.m */,
				9F3B286C1BD8DF78009139E6 /* RotatingEquipmentController.h */,
				9F3B286D1BD8DF78009139E6 /* RotatingEquipmentController.m */,
				9F3253AC1BDB4F28007AEF7D /* EmergencyEquipmentController.h */,
				9F3253AD1BDB4F28007AEF7D /* EmergencyEquipmentController.m */,
			);
			name = "电站";
			sourceTree = "<group>";
		};
		9F3B28601BD8C3AA009139E6 /* itemCell */ = {
			isa = PBXGroup;
			children = (
				9F3B28611BD8C3C3009139E6 /* RightLabelCell.xib */,
				9F3B28631BD8C428009139E6 /* RightLabelCell.h */,
				9F3B28641BD8C428009139E6 /* RightLabelCell.m */,
			);
			name = itemCell;
			sourceTree = "<group>";
		};
		9F48EA471BD7284B001BE8B4 /* 峡口水库 */ = {
			isa = PBXGroup;
			children = (
				9F2FDC161BCC8ACF00BC8673 /* customCell */,
				9F2FDC1F1BCC96C800BC8673 /* customView */,
				9F48EA4B1BD72BF9001BE8B4 /* 峡口大坝巡查 */,
				9F48EA481BD72880001BE8B4 /* XiaKouController.h */,
				9F48EA491BD72880001BE8B4 /* XiaKouController.m */,
				9F48EA4C1BD72C22001BE8B4 /* Gate */,
			);
			name = "峡口水库";
			sourceTree = "<group>";
		};
		9F48EA4B1BD72BF9001BE8B4 /* 峡口大坝巡查 */ = {
			isa = PBXGroup;
			children = (
				9F38C1BC1BCBAE8F00989036 /* DamPatrolViewController.h */,
				9F38C1BD1BCBAE8F00989036 /* DamPatrolViewController.m */,
				9F2FDC2A1BCCADA400BC8673 /* CheckViewController.h */,
				9F2FDC2B1BCCADA400BC8673 /* CheckViewController.m */,
			);
			name = "峡口大坝巡查";
			sourceTree = "<group>";
		};
		9F48EA4C1BD72C22001BE8B4 /* Gate */ = {
			isa = PBXGroup;
			children = (
				9F3253A51BDB1B4D007AEF7D /* 库区巡查 */,
				9F3B28551BD8A813009139E6 /* 水情遥测 */,
				9F3B284E1BD8894A009139E6 /* 闸门 */,
				9F48EA5D1BD785A2001BE8B4 /* 钢闸门 */,
				9F48EA5C1BD78590001BE8B4 /* 锥形阀 */,
				9F48EA561BD75099001BE8B4 /* NoteViewController.h */,
				9F48EA571BD75099001BE8B4 /* NoteViewController.m */,
			);
			name = Gate;
			sourceTree = "<group>";
		};
		9F48EA5C1BD78590001BE8B4 /* 锥形阀 */ = {
			isa = PBXGroup;
			children = (
				9F48EA4D1BD72C56001BE8B4 /* ValveViewController.h */,
				9F48EA4E1BD72C56001BE8B4 /* ValveViewController.m */,
				9F48EA591BD75D2D001BE8B4 /* ValveDetailController.h */,
				9F48EA5A1BD75D2D001BE8B4 /* ValveDetailController.m */,
			);
			name = "锥形阀";
			sourceTree = "<group>";
		};
		9F48EA5D1BD785A2001BE8B4 /* 钢闸门 */ = {
			isa = PBXGroup;
			children = (
				9F48EA5E1BD78703001BE8B4 /* SteelGateController.h */,
				9F48EA5F1BD78703001BE8B4 /* SteelGateController.m */,
			);
			name = "钢闸门";
			sourceTree = "<group>";
		};
		9F52F4421BAA51080073F72E = {
			isa = PBXGroup;
			children = (
				9F52F44D1BAA51080073F72E /* XiaKouStander */,
				9F52F4671BAA51080073F72E /* XiaKouStanderTests */,
				9F52F44C1BAA51080073F72E /* Products */,
				223218C3A884857E87B09C1E /* Pods */,
				48251F1D3AC996C11EDB88D8 /* Frameworks */,
			);
			sourceTree = "<group>";
		};
		9F52F44C1BAA51080073F72E /* Products */ = {
			isa = PBXGroup;
			children = (
				9F52F44B1BAA51080073F72E /* XiaKouStander.app */,
				9F52F4641BAA51080073F72E /* XiaKouStanderTests.xctest */,
			);
			name = Products;
			sourceTree = "<group>";
		};
		9F52F44D1BAA51080073F72E /* XiaKouStander */ = {
			isa = PBXGroup;
			children = (
				9F3B28591BD8B46A009139E6 /* 电站 */,
				9F38C1B81BCB9EFD00989036 /* 白水坑 */,
				9F48EA471BD7284B001BE8B4 /* 峡口水库 */,
				9F9B686B1BAA5AFD005B049E /* Until */,
				9F38C1A91BCB985B00989036 /* Main */,
				9F52F4521BAA51080073F72E /* AppDelegate.h */,
				9F52F4531BAA51080073F72E /* AppDelegate.m */,
				9F52F4551BAA51080073F72E /* ViewController.h */,
				9F52F4561BAA51080073F72E /* ViewController.m */,
				9F52F4581BAA51080073F72E /* Main.storyboard */,
				9F52F45B1BAA51080073F72E /* Images.xcassets */,
				9F52F44E1BAA51080073F72E /* Supporting Files */,
			);
			path = XiaKouStander;
			sourceTree = "<group>";
		};
		9F52F44E1BAA51080073F72E /* Supporting Files */ = {
			isa = PBXGroup;
			children = (
				9F38C19D1BCB92AB00989036 /* image@3x */,
				9F38C19C1BCB92A000989036 /* image@2x */,
				9F52F44F1BAA51080073F72E /* Info.plist */,
				9F52F4501BAA51080073F72E /* main.m */,
				9F38C1931BCB8EA500989036 /* PrefixHeader.pch */,
			);
			name = "Supporting Files";
			sourceTree = "<group>";
		};
		9F52F4671BAA51080073F72E /* XiaKouStanderTests */ = {
			isa = PBXGroup;
			children = (
				9F52F46A1BAA51080073F72E /* XiaKouStanderTests.m */,
				9F52F4681BAA51080073F72E /* Supporting Files */,
			);
			path = XiaKouStanderTests;
			sourceTree = "<group>";
		};
		9F52F4681BAA51080073F72E /* Supporting Files */ = {
			isa = PBXGroup;
			children = (
				9F52F4691BAA51080073F72E /* Info.plist */,
			);
			name = "Supporting Files";
			sourceTree = "<group>";
		};
		9F9B686B1BAA5AFD005B049E /* Until */ = {
			isa = PBXGroup;
			children = (
				9F3A845F1BDE0A020075C725 /* CustomLabel */,
				9F38C1941BCB8FA900989036 /* CustomCategory */,
				9F9B686C1BAA5B0C005B049E /* SVProgressHUD */,
			);
			name = Until;
			sourceTree = "<group>";
		};
		9F9B686C1BAA5B0C005B049E /* SVProgressHUD */ = {
			isa = PBXGroup;
			children = (
				9F9B686D1BAA5B0C005B049E /* SVProgressHUD.bundle */,
				9F9B686E1BAA5B0C005B049E /* SVProgressHUD.h */,
				9F9B686F1BAA5B0C005B049E /* SVProgressHUD.m */,
			);
			path = SVProgressHUD;
			sourceTree = "<group>";
		};
/* End PBXGroup section */

/* Begin PBXNativeTarget section */
		9F52F44A1BAA51080073F72E /* XiaKouStander */ = {
			isa = PBXNativeTarget;
			buildConfigurationList = 9F52F46E1BAA51080073F72E /* Build configuration list for PBXNativeTarget "XiaKouStander" */;
			buildPhases = (
				B76017D959EBBA2C6DEA75F1 /* Check Pods Manifest.lock */,
				9F52F4471BAA51080073F72E /* Sources */,
				9F52F4481BAA51080073F72E /* Frameworks */,
				9F52F4491BAA51080073F72E /* Resources */,
				5C8933AA9412288368B054BE /* Copy Pods Resources */,
			);
			buildRules = (
			);
			dependencies = (
			);
			name = XiaKouStander;
			productName = XiaKouStander;
			productReference = 9F52F44B1BAA51080073F72E /* XiaKouStander.app */;
			productType = "com.apple.product-type.application";
		};
		9F52F4631BAA51080073F72E /* XiaKouStanderTests */ = {
			isa = PBXNativeTarget;
			buildConfigurationList = 9F52F4711BAA51080073F72E /* Build configuration list for PBXNativeTarget "XiaKouStanderTests" */;
			buildPhases = (
				9F52F4601BAA51080073F72E /* Sources */,
				9F52F4611BAA51080073F72E /* Frameworks */,
				9F52F4621BAA51080073F72E /* Resources */,
			);
			buildRules = (
			);
			dependencies = (
				9F52F4661BAA51080073F72E /* PBXTargetDependency */,
			);
			name = XiaKouStanderTests;
			productName = XiaKouStanderTests;
			productReference = 9F52F4641BAA51080073F72E /* XiaKouStanderTests.xctest */;
			productType = "com.apple.product-type.bundle.unit-test";
		};
/* End PBXNativeTarget section */

/* Begin PBXProject section */
		9F52F4431BAA51080073F72E /* Project object */ = {
			isa = PBXProject;
			attributes = {
				LastUpgradeCheck = 0640;
				ORGANIZATIONNAME = teddy;
				TargetAttributes = {
					9F52F44A1BAA51080073F72E = {
						CreatedOnToolsVersion = 6.4;
					};
					9F52F4631BAA51080073F72E = {
						CreatedOnToolsVersion = 6.4;
						TestTargetID = 9F52F44A1BAA51080073F72E;
					};
				};
			};
			buildConfigurationList = 9F52F4461BAA51080073F72E /* Build configuration list for PBXProject "XiaKouStander" */;
			compatibilityVersion = "Xcode 3.2";
			developmentRegion = English;
			hasScannedForEncodings = 0;
			knownRegions = (
				en,
				Base,
			);
			mainGroup = 9F52F4421BAA51080073F72E;
			productRefGroup = 9F52F44C1BAA51080073F72E /* Products */;
			projectDirPath = "";
			projectRoot = "";
			targets = (
				9F52F44A1BAA51080073F72E /* XiaKouStander */,
				9F52F4631BAA51080073F72E /* XiaKouStanderTests */,
			);
		};
/* End PBXProject section */

/* Begin PBXResourcesBuildPhase section */
		9F52F4491BAA51080073F72E /* Resources */ = {
			isa = PBXResourcesBuildPhase;
			buildActionMask = 2147483647;
			files = (
				9F2FDC211BCC96F300BC8673 /* weatherView.xib in Resources */,
				9F38C1B31BCB9CEF00989036 /* rain@2x.png in Resources */,
				9F38C1A11BCB92BB00989036 /* user@3x.png in Resources */,
				9F48EA531BD74A4B001BE8B4 /* add@3x.png in Resources */,
				9F52F45A1BAA51080073F72E /* Main.storyboard in Resources */,
				9F2FDC191BCC925000BC8673 /* forward@3x.png in Resources */,
				9F52F45C1BAA51080073F72E /* Images.xcassets in Resources */,
				9F2FDC151BCC89BE00BC8673 /* PartrolInfoCell.xib in Resources */,
				9F48EA551BD74A50001BE8B4 /* add@2x.png in Resources */,
				9F38C1B51BCB9D0000989036 /* qixiang@3x.png in Resources */,
				9F2FDC0D1BCC881200BC8673 /* DamPartrolCell.xib in Resources */,
				9F2FDC1E1BCC925500BC8673 /* forward@2x.png in Resources */,
				9F2FDC1A1BCC925000BC8673 /* next@3x.png in Resources */,
				9F38C1A31BCB92DF00989036 /* password@2x.png in Resources */,
				9F38C1AC1BCB988600989036 /* ItemCell.xib in Resources */,
				9F9B68701BAA5B0C005B049E /* SVProgressHUD.bundle in Resources */,
				9F2FDC1D1BCC925500BC8673 /* next@2x.png in Resources */,
				9F38C19F1BCB92B600989036 /* user@2x.png in Resources */,
				9F38C1A51BCB92E400989036 /* password@3x.png in Resources */,
				9F3B28621BD8C3C3009139E6 /* RightLabelCell.xib in Resources */,
				9F2FDC261BCC9ACC00BC8673 /* CustomHeader.xib in Resources */,
				9F38C1B11BCB9CE700989036 /* qixiang@2x.png in Resources */,
				9F2FDC361BCCD0F100BC8673 /* ChildItemCell.xib in Resources */,
				9F2FDC311BCCCE6000BC8673 /* MainItemCell.xib in Resources */,
				9F38C1B71BCB9D0800989036 /* rain@3x.png in Resources */,
			);
			runOnlyForDeploymentPostprocessing = 0;
		};
		9F52F4621BAA51080073F72E /* Resources */ = {
			isa = PBXResourcesBuildPhase;
			buildActionMask = 2147483647;
			files = (
			);
			runOnlyForDeploymentPostprocessing = 0;
		};
/* End PBXResourcesBuildPhase section */

/* Begin PBXShellScriptBuildPhase section */
		5C8933AA9412288368B054BE /* Copy Pods Resources */ = {
			isa = PBXShellScriptBuildPhase;
			buildActionMask = 2147483647;
			files = (
			);
			inputPaths = (
			);
			name = "Copy Pods Resources";
			outputPaths = (
			);
			runOnlyForDeploymentPostprocessing = 0;
			shellPath = /bin/sh;
			shellScript = "\"${SRCROOT}/Pods/Target Support Files/Pods/Pods-resources.sh\"\n";
			showEnvVarsInLog = 0;
		};
		B76017D959EBBA2C6DEA75F1 /* Check Pods Manifest.lock */ = {
			isa = PBXShellScriptBuildPhase;
			buildActionMask = 2147483647;
			files = (
			);
			inputPaths = (
			);
			name = "Check Pods Manifest.lock";
			outputPaths = (
			);
			runOnlyForDeploymentPostprocessing = 0;
			shellPath = /bin/sh;
			shellScript = "diff \"${PODS_ROOT}/../Podfile.lock\" \"${PODS_ROOT}/Manifest.lock\" > /dev/null\nif [[ $? != 0 ]] ; then\n    cat << EOM\nerror: The sandbox is not in sync with the Podfile.lock. Run 'pod install' or update your CocoaPods installation.\nEOM\n    exit 1\nfi\n";
			showEnvVarsInLog = 0;
		};
/* End PBXShellScriptBuildPhase section */

/* Begin PBXSourcesBuildPhase section */
		9F52F4471BAA51080073F72E /* Sources */ = {
			isa = PBXSourcesBuildPhase;
			buildActionMask = 2147483647;
			files = (
				9F52F4571BAA51080073F72E /* ViewController.m in Sources */,
				9F9B68711BAA5B0C005B049E /* SVProgressHUD.m in Sources */,
				9F48EA4F1BD72C56001BE8B4 /* ValveViewController.m in Sources */,
				9F52F4541BAA51080073F72E /* AppDelegate.m in Sources */,
				9F2FDC241BCC997400BC8673 /* WeatherView.m in Sources */,
				9F3B28541BD8A2E6009139E6 /* GateContentCheckController.m in Sources */,
				9F3A849E1BDE222E0075C725 /* BaiDamViewController.m in Sources */,
				9F52F4511BAA51080073F72E /* main.m in Sources */,
				9F2FDC131BCC899F00BC8673 /* PartrolInfoCell.m in Sources */,
				9F3A84561BDDC2AC0075C725 /* AirRaidShelterController.m in Sources */,
				9F3253AE1BDB4F28007AEF7D /* EmergencyEquipmentController.m in Sources */,
				9F38C1AF1BCB994300989036 /* ItemCell.m in Sources */,
				9F48EA581BD75099001BE8B4 /* NoteViewController.m in Sources */,
				9F3253B21BDB6E6B007AEF7D /* DieselGeneratorController.m in Sources */,
				9F3253A81BDB1B8F007AEF7D /* WaterSourceController.m in Sources */,
				9F3B28511BD889B2009139E6 /* GateViewController.m in Sources */,
				9F38C1A81BCB94DD00989036 /* MainViewController.m in Sources */,
				9F3B286B1BD8D5AC009139E6 /* MachineCheckController.m in Sources */,
				9F48EA5B1BD75D2D001BE8B4 /* ValveDetailController.m in Sources */,
				9F38C19A1BCB900D00989036 /* CusNavViewController.m in Sources */,
				9F3B285C1BD8B490009139E6 /* PowerStationController.m in Sources */,
				9F3B286E1BD8DF78009139E6 /* RotatingEquipmentController.m in Sources */,
				9F38C1BE1BCBAE8F00989036 /* DamPatrolViewController.m in Sources */,
				9F3B28581BD8A85C009139E6 /* WaterTelemetryController.m in Sources */,
				9F2FDC101BCC88CF00BC8673 /* SelectDateCell.m in Sources */,
				9F48EA601BD78703001BE8B4 /* SteelGateController.m in Sources */,
				9F38C1971BCB8FE100989036 /* RootViewController.m in Sources */,
				9F38C1BB1BCB9F7000989036 /* ReseriorViewController.m in Sources */,
				9F3B28651BD8C428009139E6 /* RightLabelCell.m in Sources */,
				9F3B28681BD8CEB1009139E6 /* RegularTestController.m in Sources */,
				9F2FDC2F1BCCCE3F00BC8673 /* MainItemCell.m in Sources */,
				9F3253AB1BDB29BB007AEF7D /* WaterContentController.m in Sources */,
				9F2FDC2C1BCCADA400BC8673 /* CheckViewController.m in Sources */,
				9F3A845E1BDE092B0075C725 /* ShelterContentCheckController.m in Sources */,
				9F3B285F1BD8C1EC009139E6 /* RegularInspectionController.m in Sources */,
				9F2FDC341BCCD0BC00BC8673 /* ChildItemCell.m in Sources */,
				9F48EA4A1BD72880001BE8B4 /* XiaKouController.m in Sources */,
				9F3A84651BDE0A9B0075C725 /* UILabel+CustomLevel.m in Sources */,
				9F2FDC291BCC9BB200BC8673 /* CusHeaderView.m in Sources */,
			);
			runOnlyForDeploymentPostprocessing = 0;
		};
		9F52F4601BAA51080073F72E /* Sources */ = {
			isa = PBXSourcesBuildPhase;
			buildActionMask = 2147483647;
			files = (
				9F52F46B1BAA51080073F72E /* XiaKouStanderTests.m in Sources */,
			);
			runOnlyForDeploymentPostprocessing = 0;
		};
/* End PBXSourcesBuildPhase section */

/* Begin PBXTargetDependency section */
		9F52F4661BAA51080073F72E /* PBXTargetDependency */ = {
			isa = PBXTargetDependency;
			target = 9F52F44A1BAA51080073F72E /* XiaKouStander */;
			targetProxy = 9F52F4651BAA51080073F72E /* PBXContainerItemProxy */;
		};
/* End PBXTargetDependency section */

/* Begin PBXVariantGroup section */
		9F52F4581BAA51080073F72E /* Main.storyboard */ = {
			isa = PBXVariantGroup;
			children = (
				9F52F4591BAA51080073F72E /* Base */,
			);
			name = Main.storyboard;
			sourceTree = "<group>";
		};
/* End PBXVariantGroup section */

/* Begin XCBuildConfiguration section */
		9F52F46C1BAA51080073F72E /* Debug */ = {
			isa = XCBuildConfiguration;
			buildSettings = {
				ALWAYS_SEARCH_USER_PATHS = NO;
				CLANG_CXX_LANGUAGE_STANDARD = "gnu++0x";
				CLANG_CXX_LIBRARY = "libc++";
				CLANG_ENABLE_MODULES = YES;
				CLANG_ENABLE_OBJC_ARC = YES;
				CLANG_WARN_BOOL_CONVERSION = YES;
				CLANG_WARN_CONSTANT_CONVERSION = YES;
				CLANG_WARN_DIRECT_OBJC_ISA_USAGE = YES_ERROR;
				CLANG_WARN_EMPTY_BODY = YES;
				CLANG_WARN_ENUM_CONVERSION = YES;
				CLANG_WARN_INT_CONVERSION = YES;
				CLANG_WARN_OBJC_ROOT_CLASS = YES_ERROR;
				CLANG_WARN_UNREACHABLE_CODE = YES;
				CLANG_WARN__DUPLICATE_METHOD_MATCH = YES;
				"CODE_SIGN_IDENTITY[sdk=iphoneos*]" = "iPhone Developer";
				COPY_PHASE_STRIP = NO;
				DEBUG_INFORMATION_FORMAT = "dwarf-with-dsym";
				ENABLE_STRICT_OBJC_MSGSEND = YES;
				GCC_C_LANGUAGE_STANDARD = gnu99;
				GCC_DYNAMIC_NO_PIC = NO;
				GCC_NO_COMMON_BLOCKS = YES;
				GCC_OPTIMIZATION_LEVEL = 0;
				GCC_PREPROCESSOR_DEFINITIONS = (
					"DEBUG=1",
					"$(inherited)",
				);
				GCC_SYMBOLS_PRIVATE_EXTERN = NO;
				GCC_WARN_64_TO_32_BIT_CONVERSION = YES;
				GCC_WARN_ABOUT_RETURN_TYPE = YES_ERROR;
				GCC_WARN_UNDECLARED_SELECTOR = YES;
				GCC_WARN_UNINITIALIZED_AUTOS = YES_AGGRESSIVE;
				GCC_WARN_UNUSED_FUNCTION = YES;
				GCC_WARN_UNUSED_VARIABLE = YES;
				IPHONEOS_DEPLOYMENT_TARGET = 8.4;
				MTL_ENABLE_DEBUG_INFO = YES;
				ONLY_ACTIVE_ARCH = YES;
				SDKROOT = iphoneos;
			};
			name = Debug;
		};
		9F52F46D1BAA51080073F72E /* Release */ = {
			isa = XCBuildConfiguration;
			buildSettings = {
				ALWAYS_SEARCH_USER_PATHS = NO;
				CLANG_CXX_LANGUAGE_STANDARD = "gnu++0x";
				CLANG_CXX_LIBRARY = "libc++";
				CLANG_ENABLE_MODULES = YES;
				CLANG_ENABLE_OBJC_ARC = YES;
				CLANG_WARN_BOOL_CONVERSION = YES;
				CLANG_WARN_CONSTANT_CONVERSION = YES;
				CLANG_WARN_DIRECT_OBJC_ISA_USAGE = YES_ERROR;
				CLANG_WARN_EMPTY_BODY = YES;
				CLANG_WARN_ENUM_CONVERSION = YES;
				CLANG_WARN_INT_CONVERSION = YES;
				CLANG_WARN_OBJC_ROOT_CLASS = YES_ERROR;
				CLANG_WARN_UNREACHABLE_CODE = YES;
				CLANG_WARN__DUPLICATE_METHOD_MATCH = YES;
				"CODE_SIGN_IDENTITY[sdk=iphoneos*]" = "iPhone Developer";
				COPY_PHASE_STRIP = NO;
				DEBUG_INFORMATION_FORMAT = "dwarf-with-dsym";
				ENABLE_NS_ASSERTIONS = NO;
				ENABLE_STRICT_OBJC_MSGSEND = YES;
				GCC_C_LANGUAGE_STANDARD = gnu99;
				GCC_NO_COMMON_BLOCKS = YES;
				GCC_WARN_64_TO_32_BIT_CONVERSION = YES;
				GCC_WARN_ABOUT_RETURN_TYPE = YES_ERROR;
				GCC_WARN_UNDECLARED_SELECTOR = YES;
				GCC_WARN_UNINITIALIZED_AUTOS = YES_AGGRESSIVE;
				GCC_WARN_UNUSED_FUNCTION = YES;
				GCC_WARN_UNUSED_VARIABLE = YES;
				IPHONEOS_DEPLOYMENT_TARGET = 8.4;
				MTL_ENABLE_DEBUG_INFO = NO;
				SDKROOT = iphoneos;
				VALIDATE_PRODUCT = YES;
			};
			name = Release;
		};
		9F52F46F1BAA51080073F72E /* Debug */ = {
			isa = XCBuildConfiguration;
			baseConfigurationReference = A930CE31A9EBB52A0A096CD5 /* Pods.debug.xcconfig */;
			buildSettings = {
				ASSETCATALOG_COMPILER_APPICON_NAME = AppIcon;
				ASSETCATALOG_COMPILER_LAUNCHIMAGE_NAME = LaunchImage;
				CODE_SIGN_IDENTITY = "iPhone Developer: roger ace (W6A2225E87)";
				"CODE_SIGN_IDENTITY[sdk=iphoneos*]" = "iPhone Developer: roger ace (W6A2225E87)";
				GCC_INCREASE_PRECOMPILED_HEADER_SHARING = YES;
				GCC_PRECOMPILE_PREFIX_HEADER = YES;
				GCC_PREFIX_HEADER = "$(SRCROOT)/XiaKouStander/PrefixHeader.pch";
				INFOPLIST_FILE = XiaKouStander/Info.plist;
				IPHONEOS_DEPLOYMENT_TARGET = 7.0;
				LD_RUNPATH_SEARCH_PATHS = "$(inherited) @executable_path/Frameworks";
				PRODUCT_NAME = "$(TARGET_NAME)";
			};
			name = Debug;
		};
		9F52F4701BAA51080073F72E /* Release */ = {
			isa = XCBuildConfiguration;
			baseConfigurationReference = BD1D313D7C9A57683FD12E8F /* Pods.release.xcconfig */;
			buildSettings = {
				ASSETCATALOG_COMPILER_APPICON_NAME = AppIcon;
				ASSETCATALOG_COMPILER_LAUNCHIMAGE_NAME = LaunchImage;
				CODE_SIGN_IDENTITY = "iPhone Developer: roger ace (W6A2225E87)";
				GCC_INCREASE_PRECOMPILED_HEADER_SHARING = YES;
				GCC_PRECOMPILE_PREFIX_HEADER = YES;
				GCC_PREFIX_HEADER = "$(SRCROOT)/XiaKouStander/PrefixHeader.pch";
				INFOPLIST_FILE = XiaKouStander/Info.plist;
				IPHONEOS_DEPLOYMENT_TARGET = 7.0;
				LD_RUNPATH_SEARCH_PATHS = "$(inherited) @executable_path/Frameworks";
				PRODUCT_NAME = "$(TARGET_NAME)";
			};
			name = Release;
		};
		9F52F4721BAA51080073F72E /* Debug */ = {
			isa = XCBuildConfiguration;
			buildSettings = {
				BUNDLE_LOADER = "$(TEST_HOST)";
				FRAMEWORK_SEARCH_PATHS = (
					"$(SDKROOT)/Developer/Library/Frameworks",
					"$(inherited)",
				);
				GCC_PREPROCESSOR_DEFINITIONS = (
					"DEBUG=1",
					"$(inherited)",
				);
				INFOPLIST_FILE = XiaKouStanderTests/Info.plist;
				LD_RUNPATH_SEARCH_PATHS = "$(inherited) @executable_path/Frameworks @loader_path/Frameworks";
				PRODUCT_NAME = "$(TARGET_NAME)";
				TEST_HOST = "$(BUILT_PRODUCTS_DIR)/XiaKouStander.app/XiaKouStander";
			};
			name = Debug;
		};
		9F52F4731BAA51080073F72E /* Release */ = {
			isa = XCBuildConfiguration;
			buildSettings = {
				BUNDLE_LOADER = "$(TEST_HOST)";
				FRAMEWORK_SEARCH_PATHS = (
					"$(SDKROOT)/Developer/Library/Frameworks",
					"$(inherited)",
				);
				INFOPLIST_FILE = XiaKouStanderTests/Info.plist;
				LD_RUNPATH_SEARCH_PATHS = "$(inherited) @executable_path/Frameworks @loader_path/Frameworks";
				PRODUCT_NAME = "$(TARGET_NAME)";
				TEST_HOST = "$(BUILT_PRODUCTS_DIR)/XiaKouStander.app/XiaKouStander";
			};
			name = Release;
		};
/* End XCBuildConfiguration section */

/* Begin XCConfigurationList section */
		9F52F4461BAA51080073F72E /* Build configuration list for PBXProject "XiaKouStander" */ = {
			isa = XCConfigurationList;
			buildConfigurations = (
				9F52F46C1BAA51080073F72E /* Debug */,
				9F52F46D1BAA51080073F72E /* Release */,
			);
			defaultConfigurationIsVisible = 0;
			defaultConfigurationName = Release;
		};
		9F52F46E1BAA51080073F72E /* Build configuration list for PBXNativeTarget "XiaKouStander" */ = {
			isa = XCConfigurationList;
			buildConfigurations = (
				9F52F46F1BAA51080073F72E /* Debug */,
				9F52F4701BAA51080073F72E /* Release */,
			);
			defaultConfigurationIsVisible = 0;
			defaultConfigurationName = Release;
		};
		9F52F4711BAA51080073F72E /* Build configuration list for PBXNativeTarget "XiaKouStanderTests" */ = {
			isa = XCConfigurationList;
			buildConfigurations = (
				9F52F4721BAA51080073F72E /* Debug */,
				9F52F4731BAA51080073F72E /* Release */,
			);
			defaultConfigurationIsVisible = 0;
			defaultConfigurationName = Release;
		};
/* End XCConfigurationList section */
	};
	rootObject = 9F52F4431BAA51080073F72E /* Project object */;
}
